dependencies:
- name: redis
  repository: https://charts.bitnami.com/bitnami
  version: 18.1.1
- name: postgresql
  repository: https://charts.bitnami.com/bitnami
  version: 12.12.4
- name: rafiki-auth
  repository: https://interledger.github.io/helm-charts
  version: 0.2.0
- name: rafiki-backend
  repository: https://interledger.github.io/helm-charts
  version: 0.2.0
- name: rafiki-frontend
  repository: https://interledger.github.io/helm-charts
  version: 0.2.0
digest: sha256:0855e9cf3ec817358ff6adc4a7af0704929426f60cb2164fe34cf656d49f27a1
generated: "2023-09-29T17:04:19.879669523Z"
