dependencies:
- name: redis
  repository: https://charts.bitnami.com/bitnami
  version: 18.0.4
- name: postgresql
  repository: https://charts.bitnami.com/bitnami
  version: 13.0.0
- name: rafiki-auth
  repository: https://interledger.github.io/helm-charts
  version: 0.2.0
- name: rafiki-backend
  repository: https://interledger.github.io/helm-charts
  version: 0.2.0
- name: rafiki-frontend
  repository: https://interledger.github.io/helm-charts
  version: 0.2.0
digest: sha256:82058472ae12762506108c9760f111ea7f1588b93aff0fec94e4114b90ced62c
generated: "2023-09-28T12:25:58.334886831Z"
